{
  "projects": [
    {
      "projectId": "aJURZMQsyePAR8LaJ4sD2e",
      "version": "latest",
      "dependencies": {},
      "lang": "ts",
      "fileLocks": [
        {
          "type": "globalVariant",
          "assetId": "V_ZFHzNHIraI",
          "checksum": "0d20ad05b782757429be478b965bf694"
        },
        {
          "assetId": "aJURZMQsyePAR8LaJ4sD2e",
          "type": "projectCss",
          "checksum": "561d9b6e532afaf1658e36e570ea8190"
        },
        {
          "type": "renderModule",
          "assetId": "FfmwysyluO5j",
          "checksum": "0f0bea1fc989d790ad4c5a1b3b821f0e"
        },
        {
          "type": "cssRules",
          "assetId": "FfmwysyluO5j",
          "checksum": "0f0bea1fc989d790ad4c5a1b3b821f0e"
        },
        {
          "type": "renderModule",
          "assetId": "g5z_mGAbnm9m",
          "checksum": "721be5a9b23e8a74110651a367a31565"
        },
        {
          "type": "cssRules",
          "assetId": "g5z_mGAbnm9m",
          "checksum": "721be5a9b23e8a74110651a367a31565"
        },
        {
          "type": "renderModule",
          "assetId": "5yENct7QSsTu",
          "checksum": "1d1e64901a4a90d90952cff9462773ea"
        },
        {
          "type": "cssRules",
          "assetId": "5yENct7QSsTu",
          "checksum": "1d1e64901a4a90d90952cff9462773ea"
        },
        {
          "type": "renderModule",
          "assetId": "J16MKnFB4PJz",
          "checksum": "b10f1f8358efb560b1e9d52086cf84d8"
        },
        {
          "type": "cssRules",
          "assetId": "J16MKnFB4PJz",
          "checksum": "b10f1f8358efb560b1e9d52086cf84d8"
        },
        {
          "type": "renderModule",
          "assetId": "oBljKniUhxsN",
          "checksum": "9319485740f082632e12c6974d292b42"
        },
        {
          "type": "cssRules",
          "assetId": "oBljKniUhxsN",
          "checksum": "9319485740f082632e12c6974d292b42"
        },
        {
          "type": "renderModule",
          "assetId": "Dudz7gJjA70a",
          "checksum": "6e589d3c2978c905b7b3bc8be179c723"
        },
        {
          "type": "cssRules",
          "assetId": "Dudz7gJjA70a",
          "checksum": "6e589d3c2978c905b7b3bc8be179c723"
        },
        {
          "type": "renderModule",
          "assetId": "wOvSutiEfYG1",
          "checksum": "61d5494a9401a6c20defa15039769989"
        },
        {
          "type": "cssRules",
          "assetId": "wOvSutiEfYG1",
          "checksum": "61d5494a9401a6c20defa15039769989"
        },
        {
          "type": "renderModule",
          "assetId": "iQAEa5DsujT7",
          "checksum": "24da28d762430b804546071f86c65886"
        },
        {
          "type": "cssRules",
          "assetId": "iQAEa5DsujT7",
          "checksum": "24da28d762430b804546071f86c65886"
        },
        {
          "type": "renderModule",
          "assetId": "Q2nfkVL_Co52",
          "checksum": "642e892cb649ca91ad467e8b445aa747"
        },
        {
          "type": "cssRules",
          "assetId": "Q2nfkVL_Co52",
          "checksum": "642e892cb649ca91ad467e8b445aa747"
        },
        {
          "type": "renderModule",
          "assetId": "8I8UgVxtCysv",
          "checksum": "f20d91a224d71a213834cb4aab4fe661"
        },
        {
          "type": "cssRules",
          "assetId": "8I8UgVxtCysv",
          "checksum": "f20d91a224d71a213834cb4aab4fe661"
        },
        {
          "type": "renderModule",
          "assetId": "LOhly9EJJkAv",
          "checksum": "8b08f710ab5c7b39b2fca9d21a053f61"
        },
        {
          "type": "cssRules",
          "assetId": "LOhly9EJJkAv",
          "checksum": "8b08f710ab5c7b39b2fca9d21a053f61"
        },
        {
          "type": "icon",
          "assetId": "0Wk9FVujfKOM",
          "checksum": "b68fd18a6ca8088ba3b9d7b67f12ee0f"
        },
        {
          "type": "icon",
          "assetId": "EzcrmTHo3z7m",
          "checksum": "cddc9f215a43265032e43ec85f06a583"
        },
        {
          "type": "icon",
          "assetId": "NM1w5Wu5sVtK",
          "checksum": "597d19f3e0ded5948a5197a018fb494c"
        },
        {
          "type": "icon",
          "assetId": "5SqBhiyrJQbT",
          "checksum": "e003a35efcc85cb7936bd8e1ce6e29e9"
        },
        {
          "type": "icon",
          "assetId": "QH3EWUfDuOJr",
          "checksum": "12e92af1e2f882b083a49da9b5180054"
        },
        {
          "type": "icon",
          "assetId": "dw7c88G7XqiX",
          "checksum": "01dfe5abbc76066370085e2e8244f309"
        },
        {
          "type": "icon",
          "assetId": "7QDv8OJQD7uy",
          "checksum": "09c8018dd0a4837224c8b67ce53e975e"
        },
        {
          "type": "icon",
          "assetId": "Ryqsswhe_xWr",
          "checksum": "afba85fcb135fd4321263bfefc6fa078"
        },
        {
          "type": "icon",
          "assetId": "mij0csVgHNZp",
          "checksum": "373caeb43cf2a618361ac73ed5a70f97"
        },
        {
          "type": "image",
          "assetId": "1p2W1fSOrv62",
          "checksum": "c75eb4b8ef12fceb8ebfdf430f77ec89"
        },
        {
          "type": "image",
          "assetId": "RLG7k-J-Z0Yq",
          "checksum": "6a14cdd434e87bc3dc32816f3b580d36"
        },
        {
          "type": "image",
          "assetId": "GI9iKTRDnBQQ",
          "checksum": "c2eaf365789f6aee7b35b1b81da67e1e"
        },
        {
          "type": "image",
          "assetId": "fPZfFG9pF5yP",
          "checksum": "4048d6fdf434b4ac8b63eff01a048913"
        },
        {
          "type": "image",
          "assetId": "OQO3WD17yfHJ",
          "checksum": "783cd9208d6196a1c04b8836dc887bff"
        },
        {
          "type": "image",
          "assetId": "yYC4WKfRiToh",
          "checksum": "c29ad8e165e7ceb40c5a6c3d6012bfaa"
        },
        {
          "type": "image",
          "assetId": "WGHzH1TEABpj",
          "checksum": "15f3ab300d20571e113edf560413af1c"
        },
        {
          "type": "image",
          "assetId": "4zSutM6cC5Q5",
          "checksum": "dddf99311d19cb62255f33f648ba5b04"
        },
        {
          "type": "image",
          "assetId": "uPnf78ZMlWH7",
          "checksum": "e5b8de0bd24b10967475ea503e8b8ef6"
        },
        {
          "type": "image",
          "assetId": "3sW5kUcWRH-t",
          "checksum": "669b7ea6190674d4462722bac3c8eec4"
        },
        {
          "type": "image",
          "assetId": "KaABHCX_NIPY",
          "checksum": "5dca4b8a422542311cc509ef3576b8b2"
        },
        {
          "type": "image",
          "assetId": "ubKIUeOPN3D5",
          "checksum": "4acda5fccc9af2ea7ba9997a25f5034a"
        },
        {
          "type": "image",
          "assetId": "auStGaJz2B3y",
          "checksum": "c7176f71ce1e9add6c14e71840d708fb"
        },
        {
          "type": "image",
          "assetId": "MAoT9zzCzZun",
          "checksum": "30e96ab79f94c9c70e61bb0a8846bab2"
        },
        {
          "type": "image",
          "assetId": "pWFLhzH3wv9Q",
          "checksum": "7c6f2a3f051d78d9238c3180d9b636ff"
        },
        {
          "type": "image",
          "assetId": "t8xM2yYcnQT0",
          "checksum": "611a18c40a0965a760ca368ac8cb059f"
        },
        {
          "type": "image",
          "assetId": "Y8JCjPwH0OSY",
          "checksum": "7b7440db937d2ff6e2d092aea8443952"
        },
        {
          "type": "image",
          "assetId": "gtzAL-b63HCt",
          "checksum": "8815ecb19384fe9bccd4e255d8430abc"
        },
        {
          "type": "image",
          "assetId": "6488hfOJ4ANm",
          "checksum": "b17c5ba46e0ece96febd686ec4494dae"
        },
        {
          "type": "image",
          "assetId": "iQs9TCL1kuEG",
          "checksum": "252f397e04b42e3e2e39eac21ecc743c"
        },
        {
          "type": "image",
          "assetId": "YAjWtLVAnpJK",
          "checksum": "a58836a460693c98a33248893fc258ea"
        },
        {
          "type": "image",
          "assetId": "fD-KKbn5Tyc9",
          "checksum": "54aa3985e2db728fa6620b2c22a8804b"
        },
        {
          "type": "image",
          "assetId": "GPBgfTjLVsRf",
          "checksum": "958e7cbe8b143fcf52526ee4bdb9f1e1"
        },
        {
          "type": "image",
          "assetId": "9oQeh5VRqPe_",
          "checksum": "edf087135dbcd574df95e9c2ad3a771c"
        },
        {
          "type": "image",
          "assetId": "6HlNhJpnRHKT",
          "checksum": "d9afcafca94e4fa5b4202332ead47d4c"
        },
        {
          "type": "image",
          "assetId": "oazW1p0hq1Gl",
          "checksum": "6cac0a0e9c82f812e8ccb9d9e7562625"
        },
        {
          "type": "image",
          "assetId": "01gsovgqjMEl",
          "checksum": "5d6fdf89e7e1e87e601c7570b266c8d2"
        },
        {
          "type": "image",
          "assetId": "RH3QqKUDXWYm",
          "checksum": "3b5fbea8474c810949abcdd2c52ba3aa"
        },
        {
          "type": "image",
          "assetId": "EUTYV3X6wjpI",
          "checksum": "2611f6beef458c2ea775e70057f4d6e9"
        },
        {
          "type": "image",
          "assetId": "6Qm4FKFTlAqS",
          "checksum": "2be3d2c50f12232aead3dee056c5c0b1"
        },
        {
          "type": "image",
          "assetId": "RJyHVM50tO5H",
          "checksum": "e9a5523b7c9fcbf69dadb4fce4f9c9ed"
        },
        {
          "type": "image",
          "assetId": "G-3ZPM6VOPKQ",
          "checksum": "f1e5040dcb6b3e4c4bd5ac0ab62991d2"
        },
        {
          "type": "image",
          "assetId": "HeNsuyXP6CJ7",
          "checksum": "0cde7bfbae8017919b2217a0a53aca59"
        },
        {
          "type": "image",
          "assetId": "IFlNCJfY6g35",
          "checksum": "f75620e432039231850a2e9ca588778a"
        },
        {
          "type": "image",
          "assetId": "_vyfpCwti3an",
          "checksum": "966db40f34987cc5bc422b70e58cacb5"
        },
        {
          "type": "image",
          "assetId": "sfI6OL31hLOx",
          "checksum": "ff959db8ad5d5b344aa00c2de274c580"
        },
        {
          "type": "image",
          "assetId": "D6l3ru2lTs74",
          "checksum": "ded561adab1180f1d8945aa956af48a4"
        }
      ],
      "codegenVersion": "0.0.1"
    }
  ],
  "cliVersion": "0.1.331"
}
